# This file is automatically @generated by Cargo.
# It is not intended for manual editing.
version = 3

[[package]]
name = "cogset"
version = "0.2.0"
source = "registry+https://github.com/rust-lang/crates.io-index"
checksum = "7f2ac61b949c02940a4e2a3a6de8253d22f8336b1376386aa5189d05b800f086"
dependencies = [
 "order-stat",
]

[[package]]
name = "k_means_test"
version = "0.1.0"
dependencies = [
 "cogset",
]

[[package]]
name = "order-stat"
version = "0.1.3"
source = "registry+https://github.com/rust-lang/crates.io-index"
checksum = "efa535d5117d3661134dbf1719b6f0ffe06f2375843b13935db186cd094105eb"
